
Microsoft Visual Studio Solution File, Format Version 12.00
# Visual Studio Version 17
VisualStudioVersion = 17.14.36603.0
MinimumVisualStudioVersion = 10.0.40219.1
Project("{FAE04EC0-301F-11D3-BF4B-00C04F79EFBC}") = "KjbTech.Messaging.Sdk", "KjbTech.Messaging.Sdk\KjbTech.Messaging.Sdk.csproj", "{616A6873-BF3B-426B-AE69-5426CA55ADD0}"
EndProject
Project("{FAE04EC0-301F-11D3-BF4B-00C04F79EFBC}") = "KjbTech.Messaging.Sdk.Tests", "KjbTech.Messaging.Sdk.Tests\KjbTech.Messaging.Sdk.Tests.csproj", "{6889F910-8239-DB1D-C5CE-949346941E61}"
EndProject
Project("{FAE04EC0-301F-11D3-BF4B-00C04F79EFBC}") = "KjbTech.Messaging.Sdk.IntegrationTests", "KjbTech.Messaging.Sdk.IntegrationTests\KjbTech.Messaging.Sdk.IntegrationTests.csproj", "{CE6BFB1A-9CBC-475D-AA24-130267CFF9C6}"
EndProject
Project("{FAE04EC0-301F-11D3-BF4B-00C04F79EFBC}") = "KjbTech.Messaging.ClientWebApp", "KjbTech.Messaging.ClientWebApp\KjbTech.Messaging.ClientWebApp.csproj", "{59079265-33CA-4E89-8713-E8165BAC06AB}"
EndProject
Global
	GlobalSection(SolutionConfigurationPlatforms) = preSolution
		Debug|Any CPU = Debug|Any CPU
		Release|Any CPU = Release|Any CPU
	EndGlobalSection
	GlobalSection(ProjectConfigurationPlatforms) = postSolution
		{616A6873-BF3B-426B-AE69-5426CA55ADD0}.Debug|Any CPU.ActiveCfg = Debug|Any CPU
		{616A6873-BF3B-426B-AE69-5426CA55ADD0}.Debug|Any CPU.Build.0 = Debug|Any CPU
		{616A6873-BF3B-426B-AE69-5426CA55ADD0}.Release|Any CPU.ActiveCfg = Release|Any CPU
		{616A6873-BF3B-426B-AE69-5426CA55ADD0}.Release|Any CPU.Build.0 = Release|Any CPU
		{6889F910-8239-DB1D-C5CE-949346941E61}.Debug|Any CPU.ActiveCfg = Debug|Any CPU
		{6889F910-8239-DB1D-C5CE-949346941E61}.Debug|Any CPU.Build.0 = Debug|Any CPU
		{6889F910-8239-DB1D-C5CE-949346941E61}.Release|Any CPU.ActiveCfg = Release|Any CPU
		{6889F910-8239-DB1D-C5CE-949346941E61}.Release|Any CPU.Build.0 = Release|Any CPU
		{CE6BFB1A-9CBC-475D-AA24-130267CFF9C6}.Debug|Any CPU.ActiveCfg = Debug|Any CPU
		{CE6BFB1A-9CBC-475D-AA24-130267CFF9C6}.Debug|Any CPU.Build.0 = Debug|Any CPU
		{CE6BFB1A-9CBC-475D-AA24-130267CFF9C6}.Release|Any CPU.ActiveCfg = Release|Any CPU
		{CE6BFB1A-9CBC-475D-AA24-130267CFF9C6}.Release|Any CPU.Build.0 = Release|Any CPU
		{59079265-33CA-4E89-8713-E8165BAC06AB}.Debug|Any CPU.ActiveCfg = Debug|Any CPU
		{59079265-33CA-4E89-8713-E8165BAC06AB}.Debug|Any CPU.Build.0 = Debug|Any CPU
		{59079265-33CA-4E89-8713-E8165BAC06AB}.Release|Any CPU.ActiveCfg = Release|Any CPU
		{59079265-33CA-4E89-8713-E8165BAC06AB}.Release|Any CPU.Build.0 = Release|Any CPU
	EndGlobalSection
	GlobalSection(SolutionProperties) = preSolution
		HideSolutionNode = FALSE
	EndGlobalSection
	GlobalSection(ExtensibilityGlobals) = postSolution
		SolutionGuid = {E18AE137-47A8-4FF0-B34B-CE6E2591F47B}
	EndGlobalSection
EndGlobal
